
Microsoft Visual Studio Solution File, Format Version 12.00
# Visual Studio 15
VisualStudioVersion = 15.0.27428.2002
MinimumVisualStudioVersion = 10.0.40219.1
Project("{FAE04EC0-301F-11D3-BF4B-00C04F79EFBC}") = "nasled_37_c_sharp_GUI", "nasled_37_c_sharp_GUI\nasled_37_c_sharp_GUI.csproj", "{5F758B6C-1350-4EC6-84C1-EC273F824A51}"
EndProject
Global
	GlobalSection(SolutionConfigurationPlatforms) = preSolution
		Debug|Any CPU = Debug|Any CPU
		Release|Any CPU = Release|Any CPU
	EndGlobalSection
	GlobalSection(ProjectConfigurationPlatforms) = postSolution
		{5F758B6C-1350-4EC6-84C1-EC273F824A51}.Debug|Any CPU.ActiveCfg = Debug|Any CPU
		{5F758B6C-1350-4EC6-84C1-EC273F824A51}.Debug|Any CPU.Build.0 = Debug|Any CPU
		{5F758B6C-1350-4EC6-84C1-EC273F824A51}.Release|Any CPU.ActiveCfg = Release|Any CPU
		{5F758B6C-1350-4EC6-84C1-EC273F824A51}.Release|Any CPU.Build.0 = Release|Any CPU
	EndGlobalSection
	GlobalSection(SolutionProperties) = preSolution
		HideSolutionNode = FALSE
	EndGlobalSection
	GlobalSection(ExtensibilityGlobals) = postSolution
		SolutionGuid = {8D205CC6-5749-4C85-9C17-F744DD447651}
	EndGlobalSection
EndGlobal
